{
  "lockfileVersion": 1,
  "configVersion": 1,
  "workspaces": {
    "": {
      "name": "@rbxts/lync-utils",
      "dependencies": {
        "@rbxts/charm": "^0.11.0",
        "@rbxts/lync": "github:Axp3cter/Lync#main",
        "@rbxts/replecs": "^0.3.1",
      },
      "devDependencies": {
        "@rbxts/compiler-types": "^3.0.0-types.0",
        "@rbxts/types": "^1.0.939",
        "@rotor-rbx/rotor": "^2.2.1",
        "typescript": "^5.5.0",
      },
    },
  },
  "trustedDependencies": [
    "@rotor-rbx/rotor",
  ],
  "packages": {
    "@rbxts/charm": ["@rbxts/charm@0.11.0", "", {}, "sha512-dqEJ48C4N/7GkAA6veMJyENKxNvme0GYiBV9T5+xPo4gGHJ+Qf8nt0ErTRB3dtMWpnxiPgVD0Xfyi0qEOPiryw=="],

    "@rbxts/compiler-types": ["@rbxts/compiler-types@3.0.0-types.0", "", {}, "sha512-VGOHJPoL7+56NTatMGqQj3K7xWuzEV+aP4QD5vZiHu+bcff3kiTmtoadaF6NkJrmwfFAvbsd4Dg764ZjWNceag=="],

    "@rbxts/jecs": ["@rbxts/jecs@0.10.4", "", {}, "sha512-VSuBrRiRpel/95t16yaGp8Lf5Kd1FdO3uL4UgC/kbldiWw+9YAVeEtZUdxH9LYWqQzgRk2jlDQAgq9WK5bJHyQ=="],

    "@rbxts/lync": ["@axpecter/lync@github:Axp3cter/Lync#3dbcbd3", { "peerDependencies": { "@rbxts/types": "^1.0.0" } }, "Axp3cter-Lync-3dbcbd3", "sha512-KInSit2RdsuJ6WmwrJU/1rWIHs1JUaLb5bTzcH00ajREbpsP0HL5ECO1aQqbvnShZOeoVXNbouHo/cXHMQ9AUQ=="],

    "@rbxts/replecs": ["@rbxts/replecs@0.3.1", "", { "peerDependencies": { "@rbxts/jecs": "^0.10.0" } }, "sha512-/TEEMhHCgq0Nf1JQF51URsiFItPoRslhLpLTnJMg/VWu5Vb89KNx9gLdYPDWcg1niyhKRH5uxgteviG8JQ401g=="],

    "@rbxts/types": ["@rbxts/types@1.0.940", "", {}, "sha512-F5kSGN/V005xtTSI7+JYJB4NAGU7GJnYEm3I8XquB42ldIrphiFhQypuWOPU5ke0xqNKVK8y1EI9gAxylzbuew=="],

    "@rotor-rbx/rotor": ["@rotor-rbx/rotor@2.3.0", "", { "bin": { "rotor": "bin/rotor.js" } }, "sha512-L0ErmvuFfFbdZ6fAYoMXmiPLv2VVlmNCn58ia1BC4eaqfEttRixA1sIsYqtxCn8drFsE7asx2QbZHjgyfi+REg=="],

    "typescript": ["typescript@5.9.3", "", { "bin": { "tsc": "bin/tsc", "tsserver": "bin/tsserver" } }, "sha512-jl1vZzPDinLr9eUt3J/t7V6FgNEw9QjvBPdysz9KfQDD41fQrC2Y4vKQdiaUpFT4bXlb1RHhLpp8wtm6M5TgSw=="],
  }
}
